
Microsoft Visual Studio Solution File, Format Version 12.00
# Visual Studio Version 17
VisualStudioVersion = 17.0.32014.148
MinimumVisualStudioVersion = 10.0.40219.1
Project("{FAE04EC0-301F-11D3-BF4B-00C04F79EFBC}") = "Assignment3Property", "Assignment3Property.csproj", "{304B4FD8-03B8-4133-8E2B-2E5220778CA4}"
EndProject
Global
	GlobalSection(SolutionConfigurationPlatforms) = preSolution
		Debug|Any CPU = Debug|Any CPU
		Release|Any CPU = Release|Any CPU
	EndGlobalSection
	GlobalSection(ProjectConfigurationPlatforms) = postSolution
		{304B4FD8-03B8-4133-8E2B-2E5220778CA4}.Debug|Any CPU.ActiveCfg = Debug|Any CPU
		{304B4FD8-03B8-4133-8E2B-2E5220778CA4}.Debug|Any CPU.Build.0 = Debug|Any CPU
		{304B4FD8-03B8-4133-8E2B-2E5220778CA4}.Release|Any CPU.ActiveCfg = Release|Any CPU
		{304B4FD8-03B8-4133-8E2B-2E5220778CA4}.Release|Any CPU.Build.0 = Release|Any CPU
	EndGlobalSection
	GlobalSection(SolutionProperties) = preSolution
		HideSolutionNode = FALSE
	EndGlobalSection
	GlobalSection(ExtensibilityGlobals) = postSolution
		SolutionGuid = {F2FC3FCE-A1AE-4DE0-8367-F8B3797FD46D}
	EndGlobalSection
EndGlobal
