
Microsoft Visual Studio Solution File, Format Version 12.00
# Visual Studio Version 17
VisualStudioVersion = 17.0.32014.148
MinimumVisualStudioVersion = 10.0.40219.1
Project("{FAE04EC0-301F-11D3-BF4B-00C04F79EFBC}") = "TrainTickets", "TrainTickets.csproj", "{2E0B115F-A01D-4A6D-892D-664A0081A00F}"
EndProject
Global
	GlobalSection(SolutionConfigurationPlatforms) = preSolution
		Debug|Any CPU = Debug|Any CPU
		Release|Any CPU = Release|Any CPU
	EndGlobalSection
	GlobalSection(ProjectConfigurationPlatforms) = postSolution
		{2E0B115F-A01D-4A6D-892D-664A0081A00F}.Debug|Any CPU.ActiveCfg = Debug|Any CPU
		{2E0B115F-A01D-4A6D-892D-664A0081A00F}.Debug|Any CPU.Build.0 = Debug|Any CPU
		{2E0B115F-A01D-4A6D-892D-664A0081A00F}.Release|Any CPU.ActiveCfg = Release|Any CPU
		{2E0B115F-A01D-4A6D-892D-664A0081A00F}.Release|Any CPU.Build.0 = Release|Any CPU
	EndGlobalSection
	GlobalSection(SolutionProperties) = preSolution
		HideSolutionNode = FALSE
	EndGlobalSection
	GlobalSection(ExtensibilityGlobals) = postSolution
		SolutionGuid = {4D408818-3FE6-44F5-8F19-281342BF839A}
	EndGlobalSection
EndGlobal
