
Microsoft Visual Studio Solution File, Format Version 12.00
# Visual Studio Version 17
VisualStudioVersion = 17.0.32014.148
MinimumVisualStudioVersion = 10.0.40219.1
Project("{FAE04EC0-301F-11D3-BF4B-00C04F79EFBC}") = "AssignmentLoanProcess", "AssignmentLoanProcess.csproj", "{C3C1D6FC-CC74-4CB8-9D17-825FD5A2911C}"
EndProject
Global
	GlobalSection(SolutionConfigurationPlatforms) = preSolution
		Debug|Any CPU = Debug|Any CPU
		Release|Any CPU = Release|Any CPU
	EndGlobalSection
	GlobalSection(ProjectConfigurationPlatforms) = postSolution
		{C3C1D6FC-CC74-4CB8-9D17-825FD5A2911C}.Debug|Any CPU.ActiveCfg = Debug|Any CPU
		{C3C1D6FC-CC74-4CB8-9D17-825FD5A2911C}.Debug|Any CPU.Build.0 = Debug|Any CPU
		{C3C1D6FC-CC74-4CB8-9D17-825FD5A2911C}.Release|Any CPU.ActiveCfg = Release|Any CPU
		{C3C1D6FC-CC74-4CB8-9D17-825FD5A2911C}.Release|Any CPU.Build.0 = Release|Any CPU
	EndGlobalSection
	GlobalSection(SolutionProperties) = preSolution
		HideSolutionNode = FALSE
	EndGlobalSection
	GlobalSection(ExtensibilityGlobals) = postSolution
		SolutionGuid = {41DD73E0-5CA9-454C-BBCD-5E97CE6E0B99}
	EndGlobalSection
EndGlobal
