
Microsoft Visual Studio Solution File, Format Version 12.00
# Visual Studio Version 17
VisualStudioVersion = 17.0.32014.148
MinimumVisualStudioVersion = 10.0.40219.1
Project("{FAE04EC0-301F-11D3-BF4B-00C04F79EFBC}") = "INTERFACE", "INTERFACE.csproj", "{FE6C2653-BA8D-42A8-9C98-B94DA1F81FFD}"
EndProject
Global
	GlobalSection(SolutionConfigurationPlatforms) = preSolution
		Debug|Any CPU = Debug|Any CPU
		Release|Any CPU = Release|Any CPU
	EndGlobalSection
	GlobalSection(ProjectConfigurationPlatforms) = postSolution
		{FE6C2653-BA8D-42A8-9C98-B94DA1F81FFD}.Debug|Any CPU.ActiveCfg = Debug|Any CPU
		{FE6C2653-BA8D-42A8-9C98-B94DA1F81FFD}.Debug|Any CPU.Build.0 = Debug|Any CPU
		{FE6C2653-BA8D-42A8-9C98-B94DA1F81FFD}.Release|Any CPU.ActiveCfg = Release|Any CPU
		{FE6C2653-BA8D-42A8-9C98-B94DA1F81FFD}.Release|Any CPU.Build.0 = Release|Any CPU
	EndGlobalSection
	GlobalSection(SolutionProperties) = preSolution
		HideSolutionNode = FALSE
	EndGlobalSection
	GlobalSection(ExtensibilityGlobals) = postSolution
		SolutionGuid = {0C408C6D-FA0E-49AD-A9E2-ADE34F700760}
	EndGlobalSection
EndGlobal
